PODS:
  - MAGCoreData (0.0.11)
  - SwiftyJSON (2.3.1)

DEPENDENCIES:
  - MAGCoreData (from `https://github.com/MadAppGang/MAGCoreData.git`)
  - SwiftyJSON

EXTERNAL SOURCES:
  MAGCoreData:
    :git: https://github.com/MadAppGang/MAGCoreData.git

CHECKOUT OPTIONS:
  MAGCoreData:
    :commit: 49b517a85e8d3434d74a03dbd2c2d3b03fee2e82
    :git: https://github.com/MadAppGang/MAGCoreData.git

SPEC CHECKSUMS:
  MAGCoreData: 535d77467ff4736c51c2bc83bd3866cc196e4d4b
  SwiftyJSON: 592b53bee5ef3dd9b3bebc6b9cb7ee35426ae8c3

COCOAPODS: 0.39.0
